{
  "name": "nutrition-label-jquery-plugin",
  "version": "11.0.10",
  "lockfileVersion": 3,
  "requires": true,
  "packages": {
    "": {
      "name": "nutrition-label-jquery-plugin",
      "version": "11.0.10",
      "license": "MIT",
      "dependencies": {
        "nutrition-label-jquery-plugin": "^11.0.10"
      },
      "devDependencies": {}
    },
    "node_modules/nutrition-label-jquery-plugin": {
      "version": "11.0.10",
      "resolved": "https://registry.npmjs.org/nutrition-label-jquery-plugin/-/nutrition-label-jquery-plugin-11.0.10.tgz",
      "integrity": "sha512-DWp22CAJP6ZXA+Pw3H2Z7eVDcskeQdxOty9cmETwrM4sQF7C4vW8iE5vnsgFejczCtEDkH0XlTopYts5DrHVng=="
    }
  }
}
